
Microsoft Visual Studio Solution File, Format Version 12.00
# Visual Studio Version 17
VisualStudioVersion = 17.14.36511.14
MinimumVisualStudioVersion = 10.0.40219.1
Project("{2150E333-8FDC-42A3-9474-1A3956D46DE8}") = "Task0", "Task0", "{02EA681E-C7D8-13C7-8484-4AC65E1B71E8}"
EndProject
Project("{2150E333-8FDC-42A3-9474-1A3956D46DE8}") = "Task1", "Task1", "{B955200F-339D-46A0-9F0B-20076C4DECD9}"
EndProject
Project("{FAE04EC0-301F-11D3-BF4B-00C04F79EFBC}") = "Tyuiu.LeushinP.Sprint1.Task1.V25", "Tyuiu.LeushinP.Sprint1.Task1.V25\Tyuiu.LeushinP.Sprint1.Task1.V25.csproj", "{B4E10449-D2D4-4216-B6E8-3772D64DAA82}"
EndProject
Project("{FAE04EC0-301F-11D3-BF4B-00C04F79EFBC}") = "Tyuiu.LeushinP.Sprint1.Task1.V25.Test", "Tyuiu.LeushinP.Sprint1.Task1.V25.Test\Tyuiu.LeushinP.Sprint1.Task1.V25.Test.csproj", "{7E957E7B-B4EC-4A65-B696-5CB4ED156B76}"
EndProject
Project("{FAE04EC0-301F-11D3-BF4B-00C04F79EFBC}") = "Tyuiu.LeushinP.Sprint1.Task1.V25.Lib", "Tyuiu.LeushinP.Sprint1.Task1.V25.Lib\Tyuiu.LeushinP.Sprint1.Task1.V25.Lib.csproj", "{5CDC9D28-71F8-4E3D-AC9A-860348A1824E}"
EndProject
Project("{2150E333-8FDC-42A3-9474-1A3956D46DE8}") = "Task2", "Task2", "{9927DAFD-B8A5-442D-B6CD-4743DF7AC4D9}"
EndProject
Project("{FAE04EC0-301F-11D3-BF4B-00C04F79EFBC}") = "Tyuiu.LeushinP.Sprint1.Task2.V25", "Tyuiu.LeushinP.Sprint1.Task2.V25\Tyuiu.LeushinP.Sprint1.Task2.V25.csproj", "{C05BB487-4E6B-4767-A296-786C36925766}"
EndProject
Project("{FAE04EC0-301F-11D3-BF4B-00C04F79EFBC}") = "Tyuiu.LeushinP.Sprint1.Task2.V25.Lib", "Tyuiu.LeushinP.Sprint1.Task2.V25.Lib\Tyuiu.LeushinP.Sprint1.Task2.V25.Lib.csproj", "{CEA3361C-1D98-4B36-A5EF-DD2B711E406E}"
EndProject
Project("{FAE04EC0-301F-11D3-BF4B-00C04F79EFBC}") = "Tyuiu.LeushinP.Sprint1.Task2.V25.Test", "Tyuiu.LeushinP.Sprint1.Task2.V25.Test\Tyuiu.LeushinP.Sprint1.Task2.V25.Test.csproj", "{6B9E0890-C6BB-42C5-BA72-0CFC218EB9AA}"
EndProject
Project("{2150E333-8FDC-42A3-9474-1A3956D46DE8}") = "Task3", "Task3", "{6ABADD5E-73D2-4304-B3D4-212B3CC3E49E}"
EndProject
Project("{FAE04EC0-301F-11D3-BF4B-00C04F79EFBC}") = "Tyuiu.LeushinP.Sprint1.Task3.V13", "Tyuiu.LeushinP.Sprint1.Task3.V13\Tyuiu.LeushinP.Sprint1.Task3.V13.csproj", "{FAFFC8F2-17AB-47C5-922A-2323903B15BC}"
EndProject
Project("{FAE04EC0-301F-11D3-BF4B-00C04F79EFBC}") = "Tyuiu.LeushinP.Sprint1.Task3.V13.Test", "Tyuiu.LeushinP.Sprint1.Task3.V13.Test\Tyuiu.LeushinP.Sprint1.Task3.V13.Test.csproj", "{B5A8E6B8-B03F-408B-83FD-AECA9B0C3599}"
EndProject
Project("{FAE04EC0-301F-11D3-BF4B-00C04F79EFBC}") = "Tyuiu.LeushinP.Sprint1.Task3.V13.Lib", "Tyuiu.LeushinP.Sprint1.Task3.V13.Lib\Tyuiu.LeushinP.Sprint1.Task3.V13.Lib.csproj", "{C493B1E5-221B-4BBB-B2FA-0645566FE9D8}"
EndProject
Project("{2150E333-8FDC-42A3-9474-1A3956D46DE8}") = "Task4", "Task4", "{622E67CF-DB05-42A4-BFDF-3BF7B89AE137}"
EndProject
Project("{FAE04EC0-301F-11D3-BF4B-00C04F79EFBC}") = "Tyuiu.LeushinP.Sprint1.Task4.V8", "Tyuiu.LeushinP.Sprint1.Task4.V8\Tyuiu.LeushinP.Sprint1.Task4.V8.csproj", "{97AC5AB1-5FE9-439B-8BCD-C69F0EC4DBCB}"
EndProject
Project("{FAE04EC0-301F-11D3-BF4B-00C04F79EFBC}") = "Tyuiu.LeushinP.Sprint1.Task4.V8.Lib", "Tyuiu.LeushinP.Sprint1.Task4.V8.Lib\Tyuiu.LeushinP.Sprint1.Task4.V8.Lib.csproj", "{20A54ED6-4241-4B61-A083-B4664948DF0B}"
EndProject
Project("{FAE04EC0-301F-11D3-BF4B-00C04F79EFBC}") = "Tyuiu.LeushinP.Sprint1.Task4.V8.Test", "Tyuiu.LeushinP.Sprint1.Task4.V8.Test\Tyuiu.LeushinP.Sprint1.Task4.V8.Test.csproj", "{4B0E34D0-23F6-4601-90F0-A3930EE7F1C7}"
EndProject
Project("{2150E333-8FDC-42A3-9474-1A3956D46DE8}") = "Task5", "Task5", "{EF3256B7-A6E8-405F-ADB5-E0E4F3F60CDB}"
EndProject
Project("{FAE04EC0-301F-11D3-BF4B-00C04F79EFBC}") = "Tyuiu.LeushinP.Sprint1.Task5.V7", "Tyuiu.LeushinP.Sprint1.Task5.V7\Tyuiu.LeushinP.Sprint1.Task5.V7.csproj", "{3540FF9C-85F6-40B9-AD95-13C76D3EF50B}"
EndProject
Project("{FAE04EC0-301F-11D3-BF4B-00C04F79EFBC}") = "Tyuiu.LeushinP.Sprint1.Task5.V7.Lib", "Tyuiu.LeushinP.Sprint1.Task5.V7.Lib\Tyuiu.LeushinP.Sprint1.Task5.V7.Lib.csproj", "{5C33C545-2634-4B1E-B6A9-0FA2DD69FED6}"
EndProject
Project("{FAE04EC0-301F-11D3-BF4B-00C04F79EFBC}") = "Tyuiu.LeushinP.Sprint1.Task.5.V7.Test", "Tyuiu.LeushinP.Sprint1.Task.5.V7.Test\Tyuiu.LeushinP.Sprint1.Task.5.V7.Test.csproj", "{AB2F657E-3A7D-47FE-BE37-9D6CA8BE4F29}"
EndProject
Project("{2150E333-8FDC-42A3-9474-1A3956D46DE8}") = "Task6", "Task6", "{5B87C3B0-3E98-40D0-848B-C03AC8D15827}"
EndProject
Project("{FAE04EC0-301F-11D3-BF4B-00C04F79EFBC}") = "Tyuiu.LeushinP.Sprint1.Task6.V5", "Tyuiu.LeushinP.Sprint1.Task6.V5\Tyuiu.LeushinP.Sprint1.Task6.V5.csproj", "{2B7982F8-1050-41ED-9BE1-06375263B21B}"
EndProject
Project("{FAE04EC0-301F-11D3-BF4B-00C04F79EFBC}") = "Tyuiu.LeushinP.Sprint1.Task1.Task6.V5.Test", "Tyuiu.LeushinP.Sprint1.Task1.Task6.V5.Test\Tyuiu.LeushinP.Sprint1.Task1.Task6.V5.Test.csproj", "{7C64BD47-5895-4CF2-B608-43BD9AEA74D3}"
EndProject
Project("{FAE04EC0-301F-11D3-BF4B-00C04F79EFBC}") = "Tyuiu.LeushinP.Sprint1.Task6.V5.Lib", "Tyuiu.LeushinP.Sprint1.Task6.V5.Lib\Tyuiu.LeushinP.Sprint1.Task6.V5.Lib.csproj", "{F7681776-1DE2-4807-B6D7-D1D3D73973A0}"
EndProject
Project("{2150E333-8FDC-42A3-9474-1A3956D46DE8}") = "Task7", "Task7", "{C303F1C9-85B3-44DC-9D92-3B2AC1631AC8}"
EndProject
Project("{FAE04EC0-301F-11D3-BF4B-00C04F79EFBC}") = "Tyuiu.LeushinP.Sprint1.Task7.V7", "Tyuiu.LeushinP.Sprint1.Task7.V7\Tyuiu.LeushinP.Sprint1.Task7.V7.csproj", "{6AA69D40-5072-452D-829C-2A88751320A5}"
EndProject
Project("{FAE04EC0-301F-11D3-BF4B-00C04F79EFBC}") = "Tyuiu.LeushinP.Sprint1.Task7.V7.Lib", "Tyuiu.LeushinP.Sprint1.Task7.V7.Lib\Tyuiu.LeushinP.Sprint1.Task7.V7.Lib.csproj", "{967F3119-78DD-4730-A10C-2750C6B7E98E}"
EndProject
Project("{FAE04EC0-301F-11D3-BF4B-00C04F79EFBC}") = "Tyuiu.LeushinP.Sprint1.Task7.V7.Test", "Tyuiu.LeushinP.Sprint1.Task7.V7.Test\Tyuiu.LeushinP.Sprint1.Task7.V7.Test.csproj", "{E7949D88-C3F9-4537-A931-8547B8B376C7}"
EndProject
Project("{FAE04EC0-301F-11D3-BF4B-00C04F79EFBC}") = "Tyuiu.LeushinP.Sprint1.Task0.V26.Lib", "Tyuiu.LeushinP.Sprint1.Task0.V26.Lib\Tyuiu.LeushinP.Sprint1.Task0.V26.Lib.csproj", "{61AC0435-0FC6-4B30-97AE-A2BDEDA01764}"
EndProject
Project("{FAE04EC0-301F-11D3-BF4B-00C04F79EFBC}") = "Tyuiu.LeushinP.Sprint1.Task0.V26.Test", "Tyuiu.LeushinP.Sprint1.Task0.V26.Test\Tyuiu.LeushinP.Sprint1.Task0.V26.Test.csproj", "{A774C683-B92F-441A-97F9-2E1561CDAE45}"
EndProject
Project("{FAE04EC0-301F-11D3-BF4B-00C04F79EFBC}") = "Tyuiu.LeushinP.Sprint1.Task0.V26", "Tyuiu.LeushinP.Sprint1.Task0.V26\Tyuiu.LeushinP.Sprint1.Task0.V26.csproj", "{0D1614CA-565F-4844-BB1C-C91A6A2409BE}"
EndProject
Global
	GlobalSection(SolutionConfigurationPlatforms) = preSolution
		Debug|Any CPU = Debug|Any CPU
		Release|Any CPU = Release|Any CPU
	EndGlobalSection
	GlobalSection(ProjectConfigurationPlatforms) = postSolution
		{B4E10449-D2D4-4216-B6E8-3772D64DAA82}.Debug|Any CPU.ActiveCfg = Debug|Any CPU
		{B4E10449-D2D4-4216-B6E8-3772D64DAA82}.Debug|Any CPU.Build.0 = Debug|Any CPU
		{B4E10449-D2D4-4216-B6E8-3772D64DAA82}.Release|Any CPU.ActiveCfg = Release|Any CPU
		{B4E10449-D2D4-4216-B6E8-3772D64DAA82}.Release|Any CPU.Build.0 = Release|Any CPU
		{7E957E7B-B4EC-4A65-B696-5CB4ED156B76}.Debug|Any CPU.ActiveCfg = Debug|Any CPU
		{7E957E7B-B4EC-4A65-B696-5CB4ED156B76}.Debug|Any CPU.Build.0 = Debug|Any CPU
		{7E957E7B-B4EC-4A65-B696-5CB4ED156B76}.Release|Any CPU.ActiveCfg = Release|Any CPU
		{7E957E7B-B4EC-4A65-B696-5CB4ED156B76}.Release|Any CPU.Build.0 = Release|Any CPU
		{5CDC9D28-71F8-4E3D-AC9A-860348A1824E}.Debug|Any CPU.ActiveCfg = Debug|Any CPU
		{5CDC9D28-71F8-4E3D-AC9A-860348A1824E}.Debug|Any CPU.Build.0 = Debug|Any CPU
		{5CDC9D28-71F8-4E3D-AC9A-860348A1824E}.Release|Any CPU.ActiveCfg = Release|Any CPU
		{5CDC9D28-71F8-4E3D-AC9A-860348A1824E}.Release|Any CPU.Build.0 = Release|Any CPU
		{C05BB487-4E6B-4767-A296-786C36925766}.Debug|Any CPU.ActiveCfg = Debug|Any CPU
		{C05BB487-4E6B-4767-A296-786C36925766}.Debug|Any CPU.Build.0 = Debug|Any CPU
		{C05BB487-4E6B-4767-A296-786C36925766}.Release|Any CPU.ActiveCfg = Release|Any CPU
		{C05BB487-4E6B-4767-A296-786C36925766}.Release|Any CPU.Build.0 = Release|Any CPU
		{CEA3361C-1D98-4B36-A5EF-DD2B711E406E}.Debug|Any CPU.ActiveCfg = Debug|Any CPU
		{CEA3361C-1D98-4B36-A5EF-DD2B711E406E}.Debug|Any CPU.Build.0 = Debug|Any CPU
		{CEA3361C-1D98-4B36-A5EF-DD2B711E406E}.Release|Any CPU.ActiveCfg = Release|Any CPU
		{CEA3361C-1D98-4B36-A5EF-DD2B711E406E}.Release|Any CPU.Build.0 = Release|Any CPU
		{6B9E0890-C6BB-42C5-BA72-0CFC218EB9AA}.Debug|Any CPU.ActiveCfg = Debug|Any CPU
		{6B9E0890-C6BB-42C5-BA72-0CFC218EB9AA}.Debug|Any CPU.Build.0 = Debug|Any CPU
		{6B9E0890-C6BB-42C5-BA72-0CFC218EB9AA}.Release|Any CPU.ActiveCfg = Release|Any CPU
		{6B9E0890-C6BB-42C5-BA72-0CFC218EB9AA}.Release|Any CPU.Build.0 = Release|Any CPU
		{FAFFC8F2-17AB-47C5-922A-2323903B15BC}.Debug|Any CPU.ActiveCfg = Debug|Any CPU
		{FAFFC8F2-17AB-47C5-922A-2323903B15BC}.Debug|Any CPU.Build.0 = Debug|Any CPU
		{FAFFC8F2-17AB-47C5-922A-2323903B15BC}.Release|Any CPU.ActiveCfg = Release|Any CPU
		{FAFFC8F2-17AB-47C5-922A-2323903B15BC}.Release|Any CPU.Build.0 = Release|Any CPU
		{B5A8E6B8-B03F-408B-83FD-AECA9B0C3599}.Debug|Any CPU.ActiveCfg = Debug|Any CPU
		{B5A8E6B8-B03F-408B-83FD-AECA9B0C3599}.Debug|Any CPU.Build.0 = Debug|Any CPU
		{B5A8E6B8-B03F-408B-83FD-AECA9B0C3599}.Release|Any CPU.ActiveCfg = Release|Any CPU
		{B5A8E6B8-B03F-408B-83FD-AECA9B0C3599}.Release|Any CPU.Build.0 = Release|Any CPU
		{C493B1E5-221B-4BBB-B2FA-0645566FE9D8}.Debug|Any CPU.ActiveCfg = Debug|Any CPU
		{C493B1E5-221B-4BBB-B2FA-0645566FE9D8}.Debug|Any CPU.Build.0 = Debug|Any CPU
		{C493B1E5-221B-4BBB-B2FA-0645566FE9D8}.Release|Any CPU.ActiveCfg = Release|Any CPU
		{C493B1E5-221B-4BBB-B2FA-0645566FE9D8}.Release|Any CPU.Build.0 = Release|Any CPU
		{97AC5AB1-5FE9-439B-8BCD-C69F0EC4DBCB}.Debug|Any CPU.ActiveCfg = Debug|Any CPU
		{97AC5AB1-5FE9-439B-8BCD-C69F0EC4DBCB}.Debug|Any CPU.Build.0 = Debug|Any CPU
		{97AC5AB1-5FE9-439B-8BCD-C69F0EC4DBCB}.Release|Any CPU.ActiveCfg = Release|Any CPU
		{97AC5AB1-5FE9-439B-8BCD-C69F0EC4DBCB}.Release|Any CPU.Build.0 = Release|Any CPU
		{20A54ED6-4241-4B61-A083-B4664948DF0B}.Debug|Any CPU.ActiveCfg = Debug|Any CPU
		{20A54ED6-4241-4B61-A083-B4664948DF0B}.Debug|Any CPU.Build.0 = Debug|Any CPU
		{20A54ED6-4241-4B61-A083-B4664948DF0B}.Release|Any CPU.ActiveCfg = Release|Any CPU
		{20A54ED6-4241-4B61-A083-B4664948DF0B}.Release|Any CPU.Build.0 = Release|Any CPU
		{4B0E34D0-23F6-4601-90F0-A3930EE7F1C7}.Debug|Any CPU.ActiveCfg = Debug|Any CPU
		{4B0E34D0-23F6-4601-90F0-A3930EE7F1C7}.Debug|Any CPU.Build.0 = Debug|Any CPU
		{4B0E34D0-23F6-4601-90F0-A3930EE7F1C7}.Release|Any CPU.ActiveCfg = Release|Any CPU
		{4B0E34D0-23F6-4601-90F0-A3930EE7F1C7}.Release|Any CPU.Build.0 = Release|Any CPU
		{3540FF9C-85F6-40B9-AD95-13C76D3EF50B}.Debug|Any CPU.ActiveCfg = Debug|Any CPU
		{3540FF9C-85F6-40B9-AD95-13C76D3EF50B}.Debug|Any CPU.Build.0 = Debug|Any CPU
		{3540FF9C-85F6-40B9-AD95-13C76D3EF50B}.Release|Any CPU.ActiveCfg = Release|Any CPU
		{3540FF9C-85F6-40B9-AD95-13C76D3EF50B}.Release|Any CPU.Build.0 = Release|Any CPU
		{5C33C545-2634-4B1E-B6A9-0FA2DD69FED6}.Debug|Any CPU.ActiveCfg = Debug|Any CPU
		{5C33C545-2634-4B1E-B6A9-0FA2DD69FED6}.Debug|Any CPU.Build.0 = Debug|Any CPU
		{5C33C545-2634-4B1E-B6A9-0FA2DD69FED6}.Release|Any CPU.ActiveCfg = Release|Any CPU
		{5C33C545-2634-4B1E-B6A9-0FA2DD69FED6}.Release|Any CPU.Build.0 = Release|Any CPU
		{AB2F657E-3A7D-47FE-BE37-9D6CA8BE4F29}.Debug|Any CPU.ActiveCfg = Debug|Any CPU
		{AB2F657E-3A7D-47FE-BE37-9D6CA8BE4F29}.Debug|Any CPU.Build.0 = Debug|Any CPU
		{AB2F657E-3A7D-47FE-BE37-9D6CA8BE4F29}.Release|Any CPU.ActiveCfg = Release|Any CPU
		{AB2F657E-3A7D-47FE-BE37-9D6CA8BE4F29}.Release|Any CPU.Build.0 = Release|Any CPU
		{2B7982F8-1050-41ED-9BE1-06375263B21B}.Debug|Any CPU.ActiveCfg = Debug|Any CPU
		{2B7982F8-1050-41ED-9BE1-06375263B21B}.Debug|Any CPU.Build.0 = Debug|Any CPU
		{2B7982F8-1050-41ED-9BE1-06375263B21B}.Release|Any CPU.ActiveCfg = Release|Any CPU
		{2B7982F8-1050-41ED-9BE1-06375263B21B}.Release|Any CPU.Build.0 = Release|Any CPU
		{7C64BD47-5895-4CF2-B608-43BD9AEA74D3}.Debug|Any CPU.ActiveCfg = Debug|Any CPU
		{7C64BD47-5895-4CF2-B608-43BD9AEA74D3}.Debug|Any CPU.Build.0 = Debug|Any CPU
		{7C64BD47-5895-4CF2-B608-43BD9AEA74D3}.Release|Any CPU.ActiveCfg = Release|Any CPU
		{7C64BD47-5895-4CF2-B608-43BD9AEA74D3}.Release|Any CPU.Build.0 = Release|Any CPU
		{F7681776-1DE2-4807-B6D7-D1D3D73973A0}.Debug|Any CPU.ActiveCfg = Debug|Any CPU
		{F7681776-1DE2-4807-B6D7-D1D3D73973A0}.Debug|Any CPU.Build.0 = Debug|Any CPU
		{F7681776-1DE2-4807-B6D7-D1D3D73973A0}.Release|Any CPU.ActiveCfg = Release|Any CPU
		{F7681776-1DE2-4807-B6D7-D1D3D73973A0}.Release|Any CPU.Build.0 = Release|Any CPU
		{6AA69D40-5072-452D-829C-2A88751320A5}.Debug|Any CPU.ActiveCfg = Debug|Any CPU
		{6AA69D40-5072-452D-829C-2A88751320A5}.Debug|Any CPU.Build.0 = Debug|Any CPU
		{6AA69D40-5072-452D-829C-2A88751320A5}.Release|Any CPU.ActiveCfg = Release|Any CPU
		{6AA69D40-5072-452D-829C-2A88751320A5}.Release|Any CPU.Build.0 = Release|Any CPU
		{967F3119-78DD-4730-A10C-2750C6B7E98E}.Debug|Any CPU.ActiveCfg = Debug|Any CPU
		{967F3119-78DD-4730-A10C-2750C6B7E98E}.Debug|Any CPU.Build.0 = Debug|Any CPU
		{967F3119-78DD-4730-A10C-2750C6B7E98E}.Release|Any CPU.ActiveCfg = Release|Any CPU
		{967F3119-78DD-4730-A10C-2750C6B7E98E}.Release|Any CPU.Build.0 = Release|Any CPU
		{E7949D88-C3F9-4537-A931-8547B8B376C7}.Debug|Any CPU.ActiveCfg = Debug|Any CPU
		{E7949D88-C3F9-4537-A931-8547B8B376C7}.Debug|Any CPU.Build.0 = Debug|Any CPU
		{E7949D88-C3F9-4537-A931-8547B8B376C7}.Release|Any CPU.ActiveCfg = Release|Any CPU
		{E7949D88-C3F9-4537-A931-8547B8B376C7}.Release|Any CPU.Build.0 = Release|Any CPU
		{61AC0435-0FC6-4B30-97AE-A2BDEDA01764}.Debug|Any CPU.ActiveCfg = Debug|Any CPU
		{61AC0435-0FC6-4B30-97AE-A2BDEDA01764}.Debug|Any CPU.Build.0 = Debug|Any CPU
		{61AC0435-0FC6-4B30-97AE-A2BDEDA01764}.Release|Any CPU.ActiveCfg = Release|Any CPU
		{61AC0435-0FC6-4B30-97AE-A2BDEDA01764}.Release|Any CPU.Build.0 = Release|Any CPU
		{A774C683-B92F-441A-97F9-2E1561CDAE45}.Debug|Any CPU.ActiveCfg = Debug|Any CPU
		{A774C683-B92F-441A-97F9-2E1561CDAE45}.Debug|Any CPU.Build.0 = Debug|Any CPU
		{A774C683-B92F-441A-97F9-2E1561CDAE45}.Release|Any CPU.ActiveCfg = Release|Any CPU
		{A774C683-B92F-441A-97F9-2E1561CDAE45}.Release|Any CPU.Build.0 = Release|Any CPU
		{0D1614CA-565F-4844-BB1C-C91A6A2409BE}.Debug|Any CPU.ActiveCfg = Debug|Any CPU
		{0D1614CA-565F-4844-BB1C-C91A6A2409BE}.Debug|Any CPU.Build.0 = Debug|Any CPU
		{0D1614CA-565F-4844-BB1C-C91A6A2409BE}.Release|Any CPU.ActiveCfg = Release|Any CPU
		{0D1614CA-565F-4844-BB1C-C91A6A2409BE}.Release|Any CPU.Build.0 = Release|Any CPU
	EndGlobalSection
	GlobalSection(SolutionProperties) = preSolution
		HideSolutionNode = FALSE
	EndGlobalSection
	GlobalSection(NestedProjects) = preSolution
		{B4E10449-D2D4-4216-B6E8-3772D64DAA82} = {B955200F-339D-46A0-9F0B-20076C4DECD9}
		{7E957E7B-B4EC-4A65-B696-5CB4ED156B76} = {B955200F-339D-46A0-9F0B-20076C4DECD9}
		{5CDC9D28-71F8-4E3D-AC9A-860348A1824E} = {B955200F-339D-46A0-9F0B-20076C4DECD9}
		{C05BB487-4E6B-4767-A296-786C36925766} = {9927DAFD-B8A5-442D-B6CD-4743DF7AC4D9}
		{CEA3361C-1D98-4B36-A5EF-DD2B711E406E} = {9927DAFD-B8A5-442D-B6CD-4743DF7AC4D9}
		{6B9E0890-C6BB-42C5-BA72-0CFC218EB9AA} = {9927DAFD-B8A5-442D-B6CD-4743DF7AC4D9}
		{FAFFC8F2-17AB-47C5-922A-2323903B15BC} = {6ABADD5E-73D2-4304-B3D4-212B3CC3E49E}
		{B5A8E6B8-B03F-408B-83FD-AECA9B0C3599} = {6ABADD5E-73D2-4304-B3D4-212B3CC3E49E}
		{C493B1E5-221B-4BBB-B2FA-0645566FE9D8} = {6ABADD5E-73D2-4304-B3D4-212B3CC3E49E}
		{97AC5AB1-5FE9-439B-8BCD-C69F0EC4DBCB} = {622E67CF-DB05-42A4-BFDF-3BF7B89AE137}
		{20A54ED6-4241-4B61-A083-B4664948DF0B} = {622E67CF-DB05-42A4-BFDF-3BF7B89AE137}
		{4B0E34D0-23F6-4601-90F0-A3930EE7F1C7} = {622E67CF-DB05-42A4-BFDF-3BF7B89AE137}
		{3540FF9C-85F6-40B9-AD95-13C76D3EF50B} = {EF3256B7-A6E8-405F-ADB5-E0E4F3F60CDB}
		{5C33C545-2634-4B1E-B6A9-0FA2DD69FED6} = {EF3256B7-A6E8-405F-ADB5-E0E4F3F60CDB}
		{AB2F657E-3A7D-47FE-BE37-9D6CA8BE4F29} = {EF3256B7-A6E8-405F-ADB5-E0E4F3F60CDB}
		{2B7982F8-1050-41ED-9BE1-06375263B21B} = {5B87C3B0-3E98-40D0-848B-C03AC8D15827}
		{7C64BD47-5895-4CF2-B608-43BD9AEA74D3} = {5B87C3B0-3E98-40D0-848B-C03AC8D15827}
		{F7681776-1DE2-4807-B6D7-D1D3D73973A0} = {5B87C3B0-3E98-40D0-848B-C03AC8D15827}
		{6AA69D40-5072-452D-829C-2A88751320A5} = {C303F1C9-85B3-44DC-9D92-3B2AC1631AC8}
		{967F3119-78DD-4730-A10C-2750C6B7E98E} = {C303F1C9-85B3-44DC-9D92-3B2AC1631AC8}
		{E7949D88-C3F9-4537-A931-8547B8B376C7} = {C303F1C9-85B3-44DC-9D92-3B2AC1631AC8}
		{61AC0435-0FC6-4B30-97AE-A2BDEDA01764} = {02EA681E-C7D8-13C7-8484-4AC65E1B71E8}
		{A774C683-B92F-441A-97F9-2E1561CDAE45} = {02EA681E-C7D8-13C7-8484-4AC65E1B71E8}
		{0D1614CA-565F-4844-BB1C-C91A6A2409BE} = {02EA681E-C7D8-13C7-8484-4AC65E1B71E8}
	EndGlobalSection
	GlobalSection(ExtensibilityGlobals) = postSolution
		SolutionGuid = {4DF09A04-3AC5-4382-A644-C64C7F428DBD}
	EndGlobalSection
EndGlobal
