
Microsoft Visual Studio Solution File, Format Version 12.00
# Visual Studio Version 17
VisualStudioVersion = 17.14.36511.14
MinimumVisualStudioVersion = 10.0.40219.1
Project("{2150E333-8FDC-42A3-9474-1A3956D46DE8}") = "Task0", "Task0", "{02EA681E-C7D8-13C7-8484-4AC65E1B71E8}"
EndProject
Project("{2150E333-8FDC-42A3-9474-1A3956D46DE8}") = "Task1", "Task1", "{6B96C7D0-AF4B-44F8-949A-54453B7B64C5}"
EndProject
Project("{2150E333-8FDC-42A3-9474-1A3956D46DE8}") = "Task2", "Task2", "{E8D10D74-C07A-420D-AC74-2BCFE3F921E5}"
EndProject
Project("{2150E333-8FDC-42A3-9474-1A3956D46DE8}") = "Task3", "Task3", "{1C36F931-6D52-41FB-8CA5-A3AD4B970995}"
EndProject
Project("{2150E333-8FDC-42A3-9474-1A3956D46DE8}") = "Task4", "Task4", "{C6C724A8-37D1-4CAC-AA9A-90ED935050AE}"
EndProject
Project("{2150E333-8FDC-42A3-9474-1A3956D46DE8}") = "Task5", "Task5", "{12B2C564-7CB1-4853-A33E-1BE2B45FC5BE}"
EndProject
Project("{2150E333-8FDC-42A3-9474-1A3956D46DE8}") = "Task6", "Task6", "{AB00280A-879A-4948-9383-64BD9A23FCBD}"
EndProject
Project("{2150E333-8FDC-42A3-9474-1A3956D46DE8}") = "Task7", "Task7", "{85946268-2159-45A6-AEFC-09E0E5A87B3F}"
EndProject
Project("{FAE04EC0-301F-11D3-BF4B-00C04F79EFBC}") = "Tyuiu.LeushinP.Sprint.1.Task0.V26.Lib", "Tyuiu.LeushinP.Sprint.1.Task0.V26.Lib\Tyuiu.LeushinP.Sprint.1.Task0.V26.Lib.csproj", "{DA85B55E-EC0B-4DEC-BA95-48D694E00856}"
EndProject
Project("{FAE04EC0-301F-11D3-BF4B-00C04F79EFBC}") = "Tyuiu.LeushinP.Sprint1.V26", "Tyuiu.LeushinP.Sprint1.V26\Tyuiu.LeushinP.Sprint1.V26.csproj", "{A3DD1C3A-DF06-4390-B4B6-C84F3021E3D0}"
EndProject
Project("{FAE04EC0-301F-11D3-BF4B-00C04F79EFBC}") = "Tyuiu.LeushinP.Sprint1.Task0.V26.Test", "Tyuiu.LeushinP.Sprint1.Task0.V26.Test\Tyuiu.LeushinP.Sprint1.Task0.V26.Test.csproj", "{67107053-679D-4F1B-88CF-BFBB843654DB}"
EndProject
Project("{FAE04EC0-301F-11D3-BF4B-00C04F79EFBC}") = "Tyuiu.LeushinP.Sprint1.Task1.V25", "Tyuiu.LeushinP.Sprint1.Task1.V25\Tyuiu.LeushinP.Sprint1.Task1.V25.csproj", "{F59E8B07-5632-4E37-9638-6DB1D624A7C2}"
EndProject
Project("{FAE04EC0-301F-11D3-BF4B-00C04F79EFBC}") = "Tyuiu.LeushinP.Sprit1.Task1.V25.Lib", "Tyuiu.LeushinP.Sprit1.Task1.V25.Lib\Tyuiu.LeushinP.Sprit1.Task1.V25.Lib.csproj", "{876B7A25-6BBC-4DE1-855E-03F33CA76C3C}"
EndProject
Project("{FAE04EC0-301F-11D3-BF4B-00C04F79EFBC}") = "Tyuiu.LeushinP.Sprint1.Task1.V25.Test", "Tyuiu.LeushinP.Sprint1.Task1.V25.Test\Tyuiu.LeushinP.Sprint1.Task1.V25.Test.csproj", "{DDFC8BCE-A96D-4D17-A858-2D6052B7FE2C}"
EndProject
Global
	GlobalSection(SolutionConfigurationPlatforms) = preSolution
		Debug|Any CPU = Debug|Any CPU
		Release|Any CPU = Release|Any CPU
	EndGlobalSection
	GlobalSection(ProjectConfigurationPlatforms) = postSolution
		{DA85B55E-EC0B-4DEC-BA95-48D694E00856}.Debug|Any CPU.ActiveCfg = Debug|Any CPU
		{DA85B55E-EC0B-4DEC-BA95-48D694E00856}.Debug|Any CPU.Build.0 = Debug|Any CPU
		{DA85B55E-EC0B-4DEC-BA95-48D694E00856}.Release|Any CPU.ActiveCfg = Release|Any CPU
		{DA85B55E-EC0B-4DEC-BA95-48D694E00856}.Release|Any CPU.Build.0 = Release|Any CPU
		{A3DD1C3A-DF06-4390-B4B6-C84F3021E3D0}.Debug|Any CPU.ActiveCfg = Debug|Any CPU
		{A3DD1C3A-DF06-4390-B4B6-C84F3021E3D0}.Debug|Any CPU.Build.0 = Debug|Any CPU
		{A3DD1C3A-DF06-4390-B4B6-C84F3021E3D0}.Release|Any CPU.ActiveCfg = Release|Any CPU
		{A3DD1C3A-DF06-4390-B4B6-C84F3021E3D0}.Release|Any CPU.Build.0 = Release|Any CPU
		{67107053-679D-4F1B-88CF-BFBB843654DB}.Debug|Any CPU.ActiveCfg = Debug|Any CPU
		{67107053-679D-4F1B-88CF-BFBB843654DB}.Debug|Any CPU.Build.0 = Debug|Any CPU
		{67107053-679D-4F1B-88CF-BFBB843654DB}.Release|Any CPU.ActiveCfg = Release|Any CPU
		{67107053-679D-4F1B-88CF-BFBB843654DB}.Release|Any CPU.Build.0 = Release|Any CPU
		{F59E8B07-5632-4E37-9638-6DB1D624A7C2}.Debug|Any CPU.ActiveCfg = Debug|Any CPU
		{F59E8B07-5632-4E37-9638-6DB1D624A7C2}.Debug|Any CPU.Build.0 = Debug|Any CPU
		{F59E8B07-5632-4E37-9638-6DB1D624A7C2}.Release|Any CPU.ActiveCfg = Release|Any CPU
		{F59E8B07-5632-4E37-9638-6DB1D624A7C2}.Release|Any CPU.Build.0 = Release|Any CPU
		{876B7A25-6BBC-4DE1-855E-03F33CA76C3C}.Debug|Any CPU.ActiveCfg = Debug|Any CPU
		{876B7A25-6BBC-4DE1-855E-03F33CA76C3C}.Debug|Any CPU.Build.0 = Debug|Any CPU
		{876B7A25-6BBC-4DE1-855E-03F33CA76C3C}.Release|Any CPU.ActiveCfg = Release|Any CPU
		{876B7A25-6BBC-4DE1-855E-03F33CA76C3C}.Release|Any CPU.Build.0 = Release|Any CPU
		{DDFC8BCE-A96D-4D17-A858-2D6052B7FE2C}.Debug|Any CPU.ActiveCfg = Debug|Any CPU
		{DDFC8BCE-A96D-4D17-A858-2D6052B7FE2C}.Debug|Any CPU.Build.0 = Debug|Any CPU
		{DDFC8BCE-A96D-4D17-A858-2D6052B7FE2C}.Release|Any CPU.ActiveCfg = Release|Any CPU
		{DDFC8BCE-A96D-4D17-A858-2D6052B7FE2C}.Release|Any CPU.Build.0 = Release|Any CPU
	EndGlobalSection
	GlobalSection(SolutionProperties) = preSolution
		HideSolutionNode = FALSE
	EndGlobalSection
	GlobalSection(NestedProjects) = preSolution
		{DA85B55E-EC0B-4DEC-BA95-48D694E00856} = {02EA681E-C7D8-13C7-8484-4AC65E1B71E8}
		{A3DD1C3A-DF06-4390-B4B6-C84F3021E3D0} = {02EA681E-C7D8-13C7-8484-4AC65E1B71E8}
		{67107053-679D-4F1B-88CF-BFBB843654DB} = {02EA681E-C7D8-13C7-8484-4AC65E1B71E8}
		{F59E8B07-5632-4E37-9638-6DB1D624A7C2} = {6B96C7D0-AF4B-44F8-949A-54453B7B64C5}
		{876B7A25-6BBC-4DE1-855E-03F33CA76C3C} = {6B96C7D0-AF4B-44F8-949A-54453B7B64C5}
		{DDFC8BCE-A96D-4D17-A858-2D6052B7FE2C} = {6B96C7D0-AF4B-44F8-949A-54453B7B64C5}
	EndGlobalSection
	GlobalSection(ExtensibilityGlobals) = postSolution
		SolutionGuid = {65CC40C6-DAF0-40DF-A249-877A667AD9F3}
	EndGlobalSection
EndGlobal
